
Microsoft Visual Studio Solution File, Format Version 12.00
# Visual Studio 15
VisualStudioVersion = 15.0.28307.136
MinimumVisualStudioVersion = 10.0.40219.1
Project("{FAE04EC0-301F-11D3-BF4B-00C04F79EFBC}") = "ReceiverAPI", "ReceiverAPI\ReceiverAPI.csproj", "{B4570371-9532-4363-BE52-DFEEF8F5B946}"
EndProject
Project("{FAE04EC0-301F-11D3-BF4B-00C04F79EFBC}") = "RabbitMQConsumer", "RabbitMQConsumer\RabbitMQConsumer.csproj", "{BEDE829C-624B-4687-ADD4-D25D192398D4}"
EndProject
Global
	GlobalSection(SolutionConfigurationPlatforms) = preSolution
		Debug|Any CPU = Debug|Any CPU
		Release|Any CPU = Release|Any CPU
	EndGlobalSection
	GlobalSection(ProjectConfigurationPlatforms) = postSolution
		{B4570371-9532-4363-BE52-DFEEF8F5B946}.Debug|Any CPU.ActiveCfg = Debug|Any CPU
		{B4570371-9532-4363-BE52-DFEEF8F5B946}.Debug|Any CPU.Build.0 = Debug|Any CPU
		{B4570371-9532-4363-BE52-DFEEF8F5B946}.Release|Any CPU.ActiveCfg = Release|Any CPU
		{B4570371-9532-4363-BE52-DFEEF8F5B946}.Release|Any CPU.Build.0 = Release|Any CPU
		{BEDE829C-624B-4687-ADD4-D25D192398D4}.Debug|Any CPU.ActiveCfg = Debug|Any CPU
		{BEDE829C-624B-4687-ADD4-D25D192398D4}.Debug|Any CPU.Build.0 = Debug|Any CPU
		{BEDE829C-624B-4687-ADD4-D25D192398D4}.Release|Any CPU.ActiveCfg = Release|Any CPU
		{BEDE829C-624B-4687-ADD4-D25D192398D4}.Release|Any CPU.Build.0 = Release|Any CPU
	EndGlobalSection
	GlobalSection(SolutionProperties) = preSolution
		HideSolutionNode = FALSE
	EndGlobalSection
	GlobalSection(ExtensibilityGlobals) = postSolution
		SolutionGuid = {527F6913-A1F6-4A77-B75B-9950F85DC32D}
	EndGlobalSection
EndGlobal
