
Microsoft Visual Studio Solution File, Format Version 12.00
# Visual Studio 15
VisualStudioVersion = 15.0.28307.271
MinimumVisualStudioVersion = 10.0.40219.1
Project("{FAE04EC0-301F-11D3-BF4B-00C04F79EFBC}") = "MovieApi", "MovieApi\MovieApi.csproj", "{EB5B9D67-2EDB-4E77-9125-8F9F0A739F8C}"
EndProject
Global
	GlobalSection(SolutionConfigurationPlatforms) = preSolution
		Debug|Any CPU = Debug|Any CPU
		Release|Any CPU = Release|Any CPU
	EndGlobalSection
	GlobalSection(ProjectConfigurationPlatforms) = postSolution
		{EB5B9D67-2EDB-4E77-9125-8F9F0A739F8C}.Debug|Any CPU.ActiveCfg = Debug|Any CPU
		{EB5B9D67-2EDB-4E77-9125-8F9F0A739F8C}.Debug|Any CPU.Build.0 = Debug|Any CPU
		{EB5B9D67-2EDB-4E77-9125-8F9F0A739F8C}.Release|Any CPU.ActiveCfg = Release|Any CPU
		{EB5B9D67-2EDB-4E77-9125-8F9F0A739F8C}.Release|Any CPU.Build.0 = Release|Any CPU
	EndGlobalSection
	GlobalSection(SolutionProperties) = preSolution
		HideSolutionNode = FALSE
	EndGlobalSection
	GlobalSection(ExtensibilityGlobals) = postSolution
		SolutionGuid = {5804D917-BAB8-42C6-B055-09E58C6BDA3C}
	EndGlobalSection
EndGlobal
